
Microsoft Visual Studio Solution File, Format Version 12.00
Project("{FAE04EC0-301F-11D3-BF4B-00C04F79EFBC}") = "Tanuden.Announce", "Tanuden.Announce\Tanuden.Announce.csproj", "{BDC24BCB-DA60-4D70-B669-9637DEC0144E}"
EndProject
Global
	GlobalSection(SolutionConfigurationPlatforms) = preSolution
		Debug|Any CPU = Debug|Any CPU
		Release|Any CPU = Release|Any CPU
	EndGlobalSection
	GlobalSection(ProjectConfigurationPlatforms) = postSolution
		{BDC24BCB-DA60-4D70-B669-9637DEC0144E}.Debug|Any CPU.ActiveCfg = Debug|Any CPU
		{BDC24BCB-DA60-4D70-B669-9637DEC0144E}.Debug|Any CPU.Build.0 = Debug|Any CPU
		{BDC24BCB-DA60-4D70-B669-9637DEC0144E}.Release|Any CPU.ActiveCfg = Release|Any CPU
		{BDC24BCB-DA60-4D70-B669-9637DEC0144E}.Release|Any CPU.Build.0 = Release|Any CPU
	EndGlobalSection
EndGlobal
